{
  "nodes": {
    "cache-domains": {
      "flake": false,
      "locked": {
        "lastModified": 1743765937,
        "narHash": "sha256-4pHTyy8Cm9xXqqegW0sqoiB3/sze/tVMFGWPJ/g70uk=",
        "owner": "uklans",
        "repo": "cache-domains",
        "rev": "2e4b716e39cba642351717e1d15c07b4dfa725ce",
        "type": "github"
      },
      "original": {
        "owner": "uklans",
        "repo": "cache-domains",
        "type": "github"
      }
    },
    "monolithic": {
      "flake": false,
      "locked": {
        "lastModified": 1740264490,
        "narHash": "sha256-GuPx6Qcdi1+YOK4al7fVTKoY1J83sq2o3Yno1Y7JEMM=",
        "owner": "lancachenet",
        "repo": "monolithic",
        "rev": "f817fe99d6767fd2ed061c10356b48ecfb8e4bfc",
        "type": "github"
      },
      "original": {
        "owner": "lancachenet",
        "repo": "monolithic",
        "type": "github"
      }
    },
    "nixpkgs": {
      "locked": {
        "lastModified": 1746422338,
        "narHash": "sha256-NTtKOTLQv6dPfRe00OGSywg37A1FYqldS6xiNmqBUYc=",
        "owner": "NixOS",
        "repo": "nixpkgs",
        "rev": "5b35d248e9206c1f3baf8de6a7683fee126364aa",
        "type": "github"
      },
      "original": {
        "owner": "NixOS",
        "ref": "nixos-24.11",
        "repo": "nixpkgs",
        "type": "github"
      }
    },
    "root": {
      "inputs": {
        "cache-domains": "cache-domains",
        "monolithic": "monolithic",
        "nixpkgs": "nixpkgs"
      }
    }
  },
  "root": "root",
  "version": 7
}
