{
  "nodes": {
    "cache-domains": {
      "flake": false,
      "locked": {
        "lastModified": 1662045619,
        "narHash": "sha256-Qfwu2ZDvMrrVOzN54r2VserP+ezJVZ7Y8efHb/1tG2c=",
        "owner": "uklans",
        "repo": "cache-domains",
        "rev": "257f009282afb1d9816e21bf09cb10812fc2b4c2",
        "type": "github"
      },
      "original": {
        "owner": "uklans",
        "repo": "cache-domains",
        "type": "github"
      }
    },
    "root": {
      "inputs": {
        "cache-domains": "cache-domains"
      }
    }
  },
  "root": "root",
  "version": 7
}
