{
  "nodes": {
    "cache-domains": {
      "flake": false,
      "locked": {
        "lastModified": 1746602289,
        "narHash": "sha256-GsUQYB+MpLPBKTZ+cKjjUIiag+KmZgzTe5nC+UIinKE=",
        "owner": "uklans",
        "repo": "cache-domains",
        "rev": "67535f7b9f32ca0bdbb6210c29f16493c9112a7b",
        "type": "github"
      },
      "original": {
        "owner": "uklans",
        "repo": "cache-domains",
        "type": "github"
      }
    },
    "flake-parts": {
      "inputs": {
        "nixpkgs-lib": [
          "nixpkgs"
        ]
      },
      "locked": {
        "lastModified": 1749398372,
        "narHash": "sha256-tYBdgS56eXYaWVW3fsnPQ/nFlgWi/Z2Ymhyu21zVM98=",
        "owner": "hercules-ci",
        "repo": "flake-parts",
        "rev": "9305fe4e5c2a6fcf5ba6a3ff155720fbe4076569",
        "type": "github"
      },
      "original": {
        "owner": "hercules-ci",
        "repo": "flake-parts",
        "type": "github"
      }
    },
    "monolithic": {
      "flake": false,
      "locked": {
        "lastModified": 1740264490,
        "narHash": "sha256-GuPx6Qcdi1+YOK4al7fVTKoY1J83sq2o3Yno1Y7JEMM=",
        "owner": "lancachenet",
        "repo": "monolithic",
        "rev": "f817fe99d6767fd2ed061c10356b48ecfb8e4bfc",
        "type": "github"
      },
      "original": {
        "owner": "lancachenet",
        "repo": "monolithic",
        "type": "github"
      }
    },
    "nixpkgs": {
      "locked": {
        "lastModified": 1750005367,
        "narHash": "sha256-h/aac1dGLhS3qpaD2aZt25NdKY7b+JT0ZIP2WuGsJMU=",
        "owner": "NixOS",
        "repo": "nixpkgs",
        "rev": "6c64dabd3aa85e0c02ef1cdcb6e1213de64baee3",
        "type": "github"
      },
      "original": {
        "owner": "NixOS",
        "ref": "nixos-25.05",
        "repo": "nixpkgs",
        "type": "github"
      }
    },
    "root": {
      "inputs": {
        "cache-domains": "cache-domains",
        "flake-parts": "flake-parts",
        "monolithic": "monolithic",
        "nixpkgs": "nixpkgs"
      }
    }
  },
  "root": "root",
  "version": 7
}
